
Microsoft Visual Studio Solution File, Format Version 12.00
Project("{FAE04EC0-301F-11D3-BF4B-00C04F79EFBC}") = "Shevchenko", "Shevchenko\Shevchenko.csproj", "{5591E8F3-F7CD-4C68-85AE-CDAA6CB3648B}"
EndProject
Global
	GlobalSection(SolutionConfigurationPlatforms) = preSolution
		Debug|Any CPU = Debug|Any CPU
		Release|Any CPU = Release|Any CPU
	EndGlobalSection
	GlobalSection(ProjectConfigurationPlatforms) = postSolution
		{5591E8F3-F7CD-4C68-85AE-CDAA6CB3648B}.Debug|Any CPU.ActiveCfg = Debug|Any CPU
		{5591E8F3-F7CD-4C68-85AE-CDAA6CB3648B}.Debug|Any CPU.Build.0 = Debug|Any CPU
		{5591E8F3-F7CD-4C68-85AE-CDAA6CB3648B}.Release|Any CPU.ActiveCfg = Release|Any CPU
		{5591E8F3-F7CD-4C68-85AE-CDAA6CB3648B}.Release|Any CPU.Build.0 = Release|Any CPU
	EndGlobalSection
EndGlobal
